
Microsoft Visual Studio Solution File, Format Version 12.00
# Visual Studio Version 16
VisualStudioVersion = 16.0.30128.74
MinimumVisualStudioVersion = 10.0.40219.1
Project("{9A19103F-16F7-4668-BE54-9A1E7A4F7556}") = "PGdemoApp.Web", "PGdemoApp.Web\PGdemoApp.Web.csproj", "{055C899B-8374-4105-A9A7-5D4B22864675}"
EndProject
Project("{9A19103F-16F7-4668-BE54-9A1E7A4F7556}") = "PGdemoApp.Core", "PGdemoApp.Core\PGdemoApp.Core.csproj", "{EF7D2610-FDCC-4078-858E-8C06424A7464}"
EndProject
Project("{9A19103F-16F7-4668-BE54-9A1E7A4F7556}") = "PGdemoApp.data", "PGdemoApp.data\PGdemoApp.data.csproj", "{6F74132B-5386-4890-86F7-0C8867060D36}"
EndProject
Project("{9A19103F-16F7-4668-BE54-9A1E7A4F7556}") = "PgdemoApp.DataWorker", "PgdemoApp.DataWorker\PgdemoApp.DataWorker.csproj", "{F50DF654-75E5-4195-8F23-F51944C27DE1}"
EndProject
Project("{930C7802-8A8C-48F9-8165-68863BCCD9DD}") = "PgdemoApp.DataWorker.Installer", "PgdemoApp.DataWorker.Installer\PgdemoApp.DataWorker.Installer.wixproj", "{D88CE6B5-4CEF-495C-AE92-3B1ACFCD669F}"
EndProject
Global
	GlobalSection(SolutionConfigurationPlatforms) = preSolution
		Debug|Any CPU = Debug|Any CPU
		Debug|x64 = Debug|x64
		Debug|x86 = Debug|x86
		Release|Any CPU = Release|Any CPU
		Release|x64 = Release|x64
		Release|x86 = Release|x86
	EndGlobalSection
	GlobalSection(ProjectConfigurationPlatforms) = postSolution
		{055C899B-8374-4105-A9A7-5D4B22864675}.Debug|Any CPU.ActiveCfg = Debug|Any CPU
		{055C899B-8374-4105-A9A7-5D4B22864675}.Debug|Any CPU.Build.0 = Debug|Any CPU
		{055C899B-8374-4105-A9A7-5D4B22864675}.Debug|x64.ActiveCfg = Debug|x64
		{055C899B-8374-4105-A9A7-5D4B22864675}.Debug|x64.Build.0 = Debug|x64
		{055C899B-8374-4105-A9A7-5D4B22864675}.Debug|x86.ActiveCfg = Debug|Any CPU
		{055C899B-8374-4105-A9A7-5D4B22864675}.Debug|x86.Build.0 = Debug|Any CPU
		{055C899B-8374-4105-A9A7-5D4B22864675}.Release|Any CPU.ActiveCfg = Release|Any CPU
		{055C899B-8374-4105-A9A7-5D4B22864675}.Release|Any CPU.Build.0 = Release|Any CPU
		{055C899B-8374-4105-A9A7-5D4B22864675}.Release|x64.ActiveCfg = Release|x64
		{055C899B-8374-4105-A9A7-5D4B22864675}.Release|x64.Build.0 = Release|x64
		{055C899B-8374-4105-A9A7-5D4B22864675}.Release|x86.ActiveCfg = Release|Any CPU
		{055C899B-8374-4105-A9A7-5D4B22864675}.Release|x86.Build.0 = Release|Any CPU
		{EF7D2610-FDCC-4078-858E-8C06424A7464}.Debug|Any CPU.ActiveCfg = Debug|Any CPU
		{EF7D2610-FDCC-4078-858E-8C06424A7464}.Debug|Any CPU.Build.0 = Debug|Any CPU
		{EF7D2610-FDCC-4078-858E-8C06424A7464}.Debug|x64.ActiveCfg = Debug|x64
		{EF7D2610-FDCC-4078-858E-8C06424A7464}.Debug|x64.Build.0 = Debug|x64
		{EF7D2610-FDCC-4078-858E-8C06424A7464}.Debug|x86.ActiveCfg = Debug|Any CPU
		{EF7D2610-FDCC-4078-858E-8C06424A7464}.Debug|x86.Build.0 = Debug|Any CPU
		{EF7D2610-FDCC-4078-858E-8C06424A7464}.Release|Any CPU.ActiveCfg = Release|Any CPU
		{EF7D2610-FDCC-4078-858E-8C06424A7464}.Release|Any CPU.Build.0 = Release|Any CPU
		{EF7D2610-FDCC-4078-858E-8C06424A7464}.Release|x64.ActiveCfg = Release|x64
		{EF7D2610-FDCC-4078-858E-8C06424A7464}.Release|x64.Build.0 = Release|x64
		{EF7D2610-FDCC-4078-858E-8C06424A7464}.Release|x86.ActiveCfg = Release|Any CPU
		{EF7D2610-FDCC-4078-858E-8C06424A7464}.Release|x86.Build.0 = Release|Any CPU
		{6F74132B-5386-4890-86F7-0C8867060D36}.Debug|Any CPU.ActiveCfg = Debug|Any CPU
		{6F74132B-5386-4890-86F7-0C8867060D36}.Debug|Any CPU.Build.0 = Debug|Any CPU
		{6F74132B-5386-4890-86F7-0C8867060D36}.Debug|x64.ActiveCfg = Debug|x64
		{6F74132B-5386-4890-86F7-0C8867060D36}.Debug|x64.Build.0 = Debug|x64
		{6F74132B-5386-4890-86F7-0C8867060D36}.Debug|x86.ActiveCfg = Debug|Any CPU
		{6F74132B-5386-4890-86F7-0C8867060D36}.Debug|x86.Build.0 = Debug|Any CPU
		{6F74132B-5386-4890-86F7-0C8867060D36}.Release|Any CPU.ActiveCfg = Release|Any CPU
		{6F74132B-5386-4890-86F7-0C8867060D36}.Release|Any CPU.Build.0 = Release|Any CPU
		{6F74132B-5386-4890-86F7-0C8867060D36}.Release|x64.ActiveCfg = Release|x64
		{6F74132B-5386-4890-86F7-0C8867060D36}.Release|x64.Build.0 = Release|x64
		{6F74132B-5386-4890-86F7-0C8867060D36}.Release|x86.ActiveCfg = Release|Any CPU
		{6F74132B-5386-4890-86F7-0C8867060D36}.Release|x86.Build.0 = Release|Any CPU
		{F50DF654-75E5-4195-8F23-F51944C27DE1}.Debug|Any CPU.ActiveCfg = Debug|Any CPU
		{F50DF654-75E5-4195-8F23-F51944C27DE1}.Debug|Any CPU.Build.0 = Debug|Any CPU
		{F50DF654-75E5-4195-8F23-F51944C27DE1}.Debug|x64.ActiveCfg = Debug|x64
		{F50DF654-75E5-4195-8F23-F51944C27DE1}.Debug|x64.Build.0 = Debug|x64
		{F50DF654-75E5-4195-8F23-F51944C27DE1}.Debug|x86.ActiveCfg = Debug|Any CPU
		{F50DF654-75E5-4195-8F23-F51944C27DE1}.Debug|x86.Build.0 = Debug|Any CPU
		{F50DF654-75E5-4195-8F23-F51944C27DE1}.Release|Any CPU.ActiveCfg = Release|Any CPU
		{F50DF654-75E5-4195-8F23-F51944C27DE1}.Release|Any CPU.Build.0 = Release|Any CPU
		{F50DF654-75E5-4195-8F23-F51944C27DE1}.Release|x64.ActiveCfg = Release|x64
		{F50DF654-75E5-4195-8F23-F51944C27DE1}.Release|x64.Build.0 = Release|x64
		{F50DF654-75E5-4195-8F23-F51944C27DE1}.Release|x86.ActiveCfg = Release|Any CPU
		{F50DF654-75E5-4195-8F23-F51944C27DE1}.Release|x86.Build.0 = Release|Any CPU
		{D88CE6B5-4CEF-495C-AE92-3B1ACFCD669F}.Debug|Any CPU.ActiveCfg = Debug|x86
		{D88CE6B5-4CEF-495C-AE92-3B1ACFCD669F}.Debug|x64.ActiveCfg = Debug|x64
		{D88CE6B5-4CEF-495C-AE92-3B1ACFCD669F}.Debug|x64.Build.0 = Debug|x64
		{D88CE6B5-4CEF-495C-AE92-3B1ACFCD669F}.Debug|x86.ActiveCfg = Debug|x86
		{D88CE6B5-4CEF-495C-AE92-3B1ACFCD669F}.Debug|x86.Build.0 = Debug|x86
		{D88CE6B5-4CEF-495C-AE92-3B1ACFCD669F}.Release|Any CPU.ActiveCfg = Release|x86
		{D88CE6B5-4CEF-495C-AE92-3B1ACFCD669F}.Release|x64.ActiveCfg = Release|x86
		{D88CE6B5-4CEF-495C-AE92-3B1ACFCD669F}.Release|x86.ActiveCfg = Release|x86
		{D88CE6B5-4CEF-495C-AE92-3B1ACFCD669F}.Release|x86.Build.0 = Release|x86
	EndGlobalSection
	GlobalSection(SolutionProperties) = preSolution
		HideSolutionNode = FALSE
	EndGlobalSection
	GlobalSection(ExtensibilityGlobals) = postSolution
		SolutionGuid = {9A04B6EB-8063-45F7-B6FB-96832B903580}
	EndGlobalSection
EndGlobal
