
Microsoft Visual Studio Solution File, Format Version 12.00
# Visual Studio Version 16
VisualStudioVersion = 16.0.30128.74
MinimumVisualStudioVersion = 10.0.40219.1
Project("{9A19103F-16F7-4668-BE54-9A1E7A4F7556}") = "PGdemoApp.Web", "PGdemoApp.Web\PGdemoApp.Web.csproj", "{055C899B-8374-4105-A9A7-5D4B22864675}"
EndProject
Project("{9A19103F-16F7-4668-BE54-9A1E7A4F7556}") = "PGdemoApp.Core", "PGdemoApp.Core\PGdemoApp.Core.csproj", "{EF7D2610-FDCC-4078-858E-8C06424A7464}"
EndProject
Project("{9A19103F-16F7-4668-BE54-9A1E7A4F7556}") = "PGdemoApp.data", "PGdemoApp.data\PGdemoApp.data.csproj", "{6F74132B-5386-4890-86F7-0C8867060D36}"
EndProject
Project("{FAE04EC0-301F-11D3-BF4B-00C04F79EFBC}") = "PgdemoApp.DataWorker", "PgdemoApp.DataWorker\PgdemoApp.DataWorker.csproj", "{F50DF654-75E5-4195-8F23-F51944C27DE1}"
EndProject
Global
	GlobalSection(SolutionConfigurationPlatforms) = preSolution
		Debug|Any CPU = Debug|Any CPU
		Release|Any CPU = Release|Any CPU
	EndGlobalSection
	GlobalSection(ProjectConfigurationPlatforms) = postSolution
		{055C899B-8374-4105-A9A7-5D4B22864675}.Debug|Any CPU.ActiveCfg = Debug|Any CPU
		{055C899B-8374-4105-A9A7-5D4B22864675}.Debug|Any CPU.Build.0 = Debug|Any CPU
		{055C899B-8374-4105-A9A7-5D4B22864675}.Release|Any CPU.ActiveCfg = Release|Any CPU
		{055C899B-8374-4105-A9A7-5D4B22864675}.Release|Any CPU.Build.0 = Release|Any CPU
		{EF7D2610-FDCC-4078-858E-8C06424A7464}.Debug|Any CPU.ActiveCfg = Debug|Any CPU
		{EF7D2610-FDCC-4078-858E-8C06424A7464}.Debug|Any CPU.Build.0 = Debug|Any CPU
		{EF7D2610-FDCC-4078-858E-8C06424A7464}.Release|Any CPU.ActiveCfg = Release|Any CPU
		{EF7D2610-FDCC-4078-858E-8C06424A7464}.Release|Any CPU.Build.0 = Release|Any CPU
		{6F74132B-5386-4890-86F7-0C8867060D36}.Debug|Any CPU.ActiveCfg = Debug|Any CPU
		{6F74132B-5386-4890-86F7-0C8867060D36}.Debug|Any CPU.Build.0 = Debug|Any CPU
		{6F74132B-5386-4890-86F7-0C8867060D36}.Release|Any CPU.ActiveCfg = Release|Any CPU
		{6F74132B-5386-4890-86F7-0C8867060D36}.Release|Any CPU.Build.0 = Release|Any CPU
		{F50DF654-75E5-4195-8F23-F51944C27DE1}.Debug|Any CPU.ActiveCfg = Debug|Any CPU
		{F50DF654-75E5-4195-8F23-F51944C27DE1}.Debug|Any CPU.Build.0 = Debug|Any CPU
		{F50DF654-75E5-4195-8F23-F51944C27DE1}.Release|Any CPU.ActiveCfg = Release|Any CPU
		{F50DF654-75E5-4195-8F23-F51944C27DE1}.Release|Any CPU.Build.0 = Release|Any CPU
	EndGlobalSection
	GlobalSection(SolutionProperties) = preSolution
		HideSolutionNode = FALSE
	EndGlobalSection
	GlobalSection(ExtensibilityGlobals) = postSolution
		SolutionGuid = {9A04B6EB-8063-45F7-B6FB-96832B903580}
	EndGlobalSection
EndGlobal
